
Microsoft Visual Studio Solution File, Format Version 12.00
# Visual Studio Version 17
VisualStudioVersion = 17.13.35913.81
MinimumVisualStudioVersion = 10.0.40219.1
Project("{FAE04EC0-301F-11D3-BF4B-00C04F79EFBC}") = "ChatService", "Chat\ChatService.csproj", "{296CED49-A16E-D2C0-D06B-675E37B852EF}"
EndProject
Project("{FAE04EC0-301F-11D3-BF4B-00C04F79EFBC}") = "Kafka", "Kafka\Kafka.csproj", "{15374A92-E943-D827-4A05-5BE6569BD4FA}"
EndProject
Project("{FAE04EC0-301F-11D3-BF4B-00C04F79EFBC}") = "Redis", "Redis\Redis.csproj", "{09731821-FD7A-3870-0E65-E6438C9187F4}"
EndProject
Project("{FAE04EC0-301F-11D3-BF4B-00C04F79EFBC}") = "NotificationService", "NotificationService\NotificationService.csproj", "{C4AF6EDA-3ED7-4574-BBD2-6D1C12DA869C}"
EndProject
Project("{2150E333-8FDC-42A3-9474-1A3956D46DE8}") = "Libs", "Libs", "{36D591C7-65C7-A0D1-1CBC-10CDE441BDC8}"
EndProject
Project("{2150E333-8FDC-42A3-9474-1A3956D46DE8}") = "Services", "Services", "{4EB8F950-6EB1-48CE-9D67-2B4F999EC5A0}"
EndProject
Project("{2150E333-8FDC-42A3-9474-1A3956D46DE8}") = "@Services", "@Services", "{AB000C5A-CA8F-4406-B71B-D731CF1CF5AD}"
EndProject
Global
	GlobalSection(SolutionConfigurationPlatforms) = preSolution
		Debug|Any CPU = Debug|Any CPU
		Release|Any CPU = Release|Any CPU
	EndGlobalSection
	GlobalSection(ProjectConfigurationPlatforms) = postSolution
		{296CED49-A16E-D2C0-D06B-675E37B852EF}.Debug|Any CPU.ActiveCfg = Debug|Any CPU
		{296CED49-A16E-D2C0-D06B-675E37B852EF}.Debug|Any CPU.Build.0 = Debug|Any CPU
		{296CED49-A16E-D2C0-D06B-675E37B852EF}.Release|Any CPU.ActiveCfg = Release|Any CPU
		{296CED49-A16E-D2C0-D06B-675E37B852EF}.Release|Any CPU.Build.0 = Release|Any CPU
		{15374A92-E943-D827-4A05-5BE6569BD4FA}.Debug|Any CPU.ActiveCfg = Debug|Any CPU
		{15374A92-E943-D827-4A05-5BE6569BD4FA}.Debug|Any CPU.Build.0 = Debug|Any CPU
		{15374A92-E943-D827-4A05-5BE6569BD4FA}.Release|Any CPU.ActiveCfg = Release|Any CPU
		{15374A92-E943-D827-4A05-5BE6569BD4FA}.Release|Any CPU.Build.0 = Release|Any CPU
		{09731821-FD7A-3870-0E65-E6438C9187F4}.Debug|Any CPU.ActiveCfg = Debug|Any CPU
		{09731821-FD7A-3870-0E65-E6438C9187F4}.Debug|Any CPU.Build.0 = Debug|Any CPU
		{09731821-FD7A-3870-0E65-E6438C9187F4}.Release|Any CPU.ActiveCfg = Release|Any CPU
		{09731821-FD7A-3870-0E65-E6438C9187F4}.Release|Any CPU.Build.0 = Release|Any CPU
		{C4AF6EDA-3ED7-4574-BBD2-6D1C12DA869C}.Debug|Any CPU.ActiveCfg = Debug|Any CPU
		{C4AF6EDA-3ED7-4574-BBD2-6D1C12DA869C}.Debug|Any CPU.Build.0 = Debug|Any CPU
		{C4AF6EDA-3ED7-4574-BBD2-6D1C12DA869C}.Release|Any CPU.ActiveCfg = Release|Any CPU
		{C4AF6EDA-3ED7-4574-BBD2-6D1C12DA869C}.Release|Any CPU.Build.0 = Release|Any CPU
	EndGlobalSection
	GlobalSection(SolutionProperties) = preSolution
		HideSolutionNode = FALSE
	EndGlobalSection
	GlobalSection(NestedProjects) = preSolution
		{296CED49-A16E-D2C0-D06B-675E37B852EF} = {AB000C5A-CA8F-4406-B71B-D731CF1CF5AD}
		{15374A92-E943-D827-4A05-5BE6569BD4FA} = {36D591C7-65C7-A0D1-1CBC-10CDE441BDC8}
		{09731821-FD7A-3870-0E65-E6438C9187F4} = {36D591C7-65C7-A0D1-1CBC-10CDE441BDC8}
		{C4AF6EDA-3ED7-4574-BBD2-6D1C12DA869C} = {AB000C5A-CA8F-4406-B71B-D731CF1CF5AD}
	EndGlobalSection
	GlobalSection(ExtensibilityGlobals) = postSolution
		SolutionGuid = {012590C8-3493-4BB0-A543-5757D83ECD0A}
	EndGlobalSection
EndGlobal
