
Microsoft Visual Studio Solution File, Format Version 12.00
# Visual Studio Version 17
VisualStudioVersion = 17.13.35913.81 d17.13
MinimumVisualStudioVersion = 10.0.40219.1
Project("{FAE04EC0-301F-11D3-BF4B-00C04F79EFBC}") = "KafkaTest", "KafkaTest\KafkaTest.csproj", "{306BDE5E-392A-41F2-97B5-DCCF798D82F6}"
EndProject
Global
	GlobalSection(SolutionConfigurationPlatforms) = preSolution
		Debug|Any CPU = Debug|Any CPU
		Release|Any CPU = Release|Any CPU
	EndGlobalSection
	GlobalSection(ProjectConfigurationPlatforms) = postSolution
		{306BDE5E-392A-41F2-97B5-DCCF798D82F6}.Debug|Any CPU.ActiveCfg = Debug|Any CPU
		{306BDE5E-392A-41F2-97B5-DCCF798D82F6}.Debug|Any CPU.Build.0 = Debug|Any CPU
		{306BDE5E-392A-41F2-97B5-DCCF798D82F6}.Release|Any CPU.ActiveCfg = Release|Any CPU
		{306BDE5E-392A-41F2-97B5-DCCF798D82F6}.Release|Any CPU.Build.0 = Release|Any CPU
	EndGlobalSection
	GlobalSection(SolutionProperties) = preSolution
		HideSolutionNode = FALSE
	EndGlobalSection
	GlobalSection(ExtensibilityGlobals) = postSolution
		SolutionGuid = {012590C8-3493-4BB0-A543-5757D83ECD0A}
	EndGlobalSection
EndGlobal
